
Microsoft Visual Studio Solution File, Format Version 12.00
# Visual Studio Version 17
VisualStudioVersion = 17.2.32616.157
MinimumVisualStudioVersion = 10.0.40219.1
Project("{FAE04EC0-301F-11D3-BF4B-00C04F79EFBC}") = "NoBroker", "NoBroker\NoBroker.csproj", "{0690D064-1590-479C-B09C-826D9411803F}"
EndProject
Global
	GlobalSection(SolutionConfigurationPlatforms) = preSolution
		Debug|Any CPU = Debug|Any CPU
		Release|Any CPU = Release|Any CPU
	EndGlobalSection
	GlobalSection(ProjectConfigurationPlatforms) = postSolution
		{0690D064-1590-479C-B09C-826D9411803F}.Debug|Any CPU.ActiveCfg = Debug|Any CPU
		{0690D064-1590-479C-B09C-826D9411803F}.Debug|Any CPU.Build.0 = Debug|Any CPU
		{0690D064-1590-479C-B09C-826D9411803F}.Release|Any CPU.ActiveCfg = Release|Any CPU
		{0690D064-1590-479C-B09C-826D9411803F}.Release|Any CPU.Build.0 = Release|Any CPU
	EndGlobalSection
	GlobalSection(SolutionProperties) = preSolution
		HideSolutionNode = FALSE
	EndGlobalSection
	GlobalSection(ExtensibilityGlobals) = postSolution
		SolutionGuid = {3A2C6C26-3CD1-44C9-B608-29D3F5042A9C}
	EndGlobalSection
EndGlobal
